<?xml version="1.0" encoding="utf-8"?>
<Project ToolsVersion="4.0" xmlns="http://schemas.microsoft.com/developer/msbuild/2003">
  <ItemGroup>
    <ClCompile Include="CalcHistgramSample.cpp" />
    <ClCompile Include="cv_utils.cpp" />
  </ItemGroup>
  <ItemGroup>
    <ClInclude Include="cv_utils.h" />
  </ItemGroup>
</Project>